// !$*UTF8*$!
{
	archiveVersion = 1;
	classes = {
	};
	objectVersion = 46;
	objects = {

/* Begin PBXBuildFile section */
		D43881BA1A92B404004DE878 /* main.cpp in Sources */ = {isa = PBXBuildFile; fileRef = D43881B91A92B404004DE878 /* main.cpp */; };
		D43881C21A92B48D004DE878 /* personType.cpp in Sources */ = {isa = PBXBuildFile; fileRef = D43881C01A92B48D004DE878 /* personType.cpp */; };
		D43881C51A92B755004DE878 /* doctorType.cpp in Sources */ = {isa = PBXBuildFile; fileRef = D43881C31A92B755004DE878 /* doctorType.cpp */; };
		D43881C81A92B925004DE878 /* billType.cpp in Sources */ = {isa = PBXBuildFile; fileRef = D43881C61A92B925004DE878 /* billType.cpp */; };
		D43881CB1A92E09C004DE878 /* patientType.cpp in Sources */ = {isa = PBXBuildFile; fileRef = D43881C91A92E09C004DE878 /* patientType.cpp */; };
		D43881CE1A92E916004DE878 /* dateType.cpp in Sources */ = {isa = PBXBuildFile; fileRef = D43881CC1A92E916004DE878 /* dateType.cpp */; };
/* End PBXBuildFile section */

/* Begin PBXCopyFilesBuildPhase section */
		D43881B41A92B404004DE878 /* CopyFiles */ = {
			isa = PBXCopyFilesBuildPhase;
			buildActionMask = 2147483647;
			dstPath = /usr/share/man/man1/;
			dstSubfolderSpec = 0;
			files = (
			);
			runOnlyForDeploymentPostprocessing = 1;
		};
/* End PBXCopyFilesBuildPhase section */

/* Begin PBXFileReference section */
		D43881B61A92B404004DE878 /* cit233_hw4_tony_hendrick_q2 */ = {isa = PBXFileReference; explicitFileType = "compiled.mach-o.executable"; includeInIndex = 0; path = cit233_hw4_tony_hendrick_q2; sourceTree = BUILT_PRODUCTS_DIR; };
		D43881B91A92B404004DE878 /* main.cpp */ = {isa = PBXFileReference; lastKnownFileType = sourcecode.cpp.cpp; path = main.cpp; sourceTree = "<group>"; };
		D43881C01A92B48D004DE878 /* personType.cpp */ = {isa = PBXFileReference; fileEncoding = 4; lastKnownFileType = sourcecode.cpp.cpp; path = personType.cpp; sourceTree = "<group>"; };
		D43881C11A92B48D004DE878 /* personType.h */ = {isa = PBXFileReference; fileEncoding = 4; lastKnownFileType = sourcecode.c.h; path = personType.h; sourceTree = "<group>"; };
		D43881C31A92B755004DE878 /* doctorType.cpp */ = {isa = PBXFileReference; fileEncoding = 4; lastKnownFileType = sourcecode.cpp.cpp; path = doctorType.cpp; sourceTree = "<group>"; };
		D43881C41A92B755004DE878 /* doctorType.h */ = {isa = PBXFileReference; fileEncoding = 4; lastKnownFileType = sourcecode.c.h; path = doctorType.h; sourceTree = "<group>"; };
		D43881C61A92B925004DE878 /* billType.cpp */ = {isa = PBXFileReference; fileEncoding = 4; lastKnownFileType = sourcecode.cpp.cpp; path = billType.cpp; sourceTree = "<group>"; };
		D43881C71A92B925004DE878 /* billType.h */ = {isa = PBXFileReference; fileEncoding = 4; lastKnownFileType = sourcecode.c.h; path = billType.h; sourceTree = "<group>"; };
		D43881C91A92E09C004DE878 /* patientType.cpp */ = {isa = PBXFileReference; fileEncoding = 4; lastKnownFileType = sourcecode.cpp.cpp; path = patientType.cpp; sourceTree = "<group>"; };
		D43881CA1A92E09C004DE878 /* patientType.h */ = {isa = PBXFileReference; fileEncoding = 4; lastKnownFileType = sourcecode.c.h; path = patientType.h; sourceTree = "<group>"; };
		D43881CC1A92E916004DE878 /* dateType.cpp */ = {isa = PBXFileReference; fileEncoding = 4; lastKnownFileType = sourcecode.cpp.cpp; path = dateType.cpp; sourceTree = "<group>"; };
		D43881CD1A92E916004DE878 /* dateType.h */ = {isa = PBXFileReference; fileEncoding = 4; lastKnownFileType = sourcecode.c.h; path = dateType.h; sourceTree = "<group>"; };
/* End PBXFileReference section */

/* Begin PBXFrameworksBuildPhase section */
		D43881B31A92B404004DE878 /* Frameworks */ = {
			isa = PBXFrameworksBuildPhase;
			buildActionMask = 2147483647;
			files = (
			);
			runOnlyForDeploymentPostprocessing = 0;
		};
/* End PBXFrameworksBuildPhase section */

/* Begin PBXGroup section */
		D43881AD1A92B404004DE878 = {
			isa = PBXGroup;
			children = (
				D43881B81A92B404004DE878 /* cit233_hw4_tony_hendrick_q2 */,
				D43881B71A92B404004DE878 /* Products */,
			);
			sourceTree = "<group>";
		};
		D43881B71A92B404004DE878 /* Products */ = {
			isa = PBXGroup;
			children = (
				D43881B61A92B404004DE878 /* cit233_hw4_tony_hendrick_q2 */,
			);
			name = Products;
			sourceTree = "<group>";
		};
		D43881B81A92B404004DE878 /* cit233_hw4_tony_hendrick_q2 */ = {
			isa = PBXGroup;
			children = (
				D43881B91A92B404004DE878 /* main.cpp */,
				D43881C01A92B48D004DE878 /* personType.cpp */,
				D43881C11A92B48D004DE878 /* personType.h */,
				D43881C31A92B755004DE878 /* doctorType.cpp */,
				D43881C41A92B755004DE878 /* doctorType.h */,
				D43881C61A92B925004DE878 /* billType.cpp */,
				D43881C71A92B925004DE878 /* billType.h */,
				D43881C91A92E09C004DE878 /* patientType.cpp */,
				D43881CA1A92E09C004DE878 /* patientType.h */,
				D43881CC1A92E916004DE878 /* dateType.cpp */,
				D43881CD1A92E916004DE878 /* dateType.h */,
			);
			path = cit233_hw4_tony_hendrick_q2;
			sourceTree = "<group>";
		};
/* End PBXGroup section */

/* Begin PBXNativeTarget section */
		D43881B51A92B404004DE878 /* cit233_hw4_tony_hendrick_q2 */ = {
			isa = PBXNativeTarget;
			buildConfigurationList = D43881BD1A92B404004DE878 /* Build configuration list for PBXNativeTarget "cit233_hw4_tony_hendrick_q2" */;
			buildPhases = (
				D43881B21A92B404004DE878 /* Sources */,
				D43881B31A92B404004DE878 /* Frameworks */,
				D43881B41A92B404004DE878 /* CopyFiles */,
			);
			buildRules = (
			);
			dependencies = (
			);
			name = cit233_hw4_tony_hendrick_q2;
			productName = cit233_hw4_tony_hendrick_q2;
			productReference = D43881B61A92B404004DE878 /* cit233_hw4_tony_hendrick_q2 */;
			productType = "com.apple.product-type.tool";
		};
/* End PBXNativeTarget section */

/* Begin PBXProject section */
		D43881AE1A92B404004DE878 /* Project object */ = {
			isa = PBXProject;
			attributes = {
				LastUpgradeCheck = 0610;
				ORGANIZATIONNAME = "Tony Hendrick";
				TargetAttributes = {
					D43881B51A92B404004DE878 = {
						CreatedOnToolsVersion = 6.1.1;
					};
				};
			};
			buildConfigurationList = D43881B11A92B404004DE878 /* Build configuration list for PBXProject "cit233_hw4_tony_hendrick_q2" */;
			compatibilityVersion = "Xcode 3.2";
			developmentRegion = English;
			hasScannedForEncodings = 0;
			knownRegions = (
				en,
			);
			mainGroup = D43881AD1A92B404004DE878;
			productRefGroup = D43881B71A92B404004DE878 /* Products */;
			projectDirPath = "";
			projectRoot = "";
			targets = (
				D43881B51A92B404004DE878 /* cit233_hw4_tony_hendrick_q2 */,
			);
		};
/* End PBXProject section */

/* Begin PBXSourcesBuildPhase section */
		D43881B21A92B404004DE878 /* Sources */ = {
			isa = PBXSourcesBuildPhase;
			buildActionMask = 2147483647;
			files = (
				D43881C21A92B48D004DE878 /* personType.cpp in Sources */,
				D43881C51A92B755004DE878 /* doctorType.cpp in Sources */,
				D43881CB1A92E09C004DE878 /* patientType.cpp in Sources */,
				D43881C81A92B925004DE878 /* billType.cpp in Sources */,
				D43881BA1A92B404004DE878 /* main.cpp in Sources */,
				D43881CE1A92E916004DE878 /* dateType.cpp in Sources */,
			);
			runOnlyForDeploymentPostprocessing = 0;
		};
/* End PBXSourcesBuildPhase section */

/* Begin XCBuildConfiguration section */
		D43881BB1A92B404004DE878 /* Debug */ = {
			isa = XCBuildConfiguration;
			buildSettings = {
				ALWAYS_SEARCH_USER_PATHS = NO;
				CLANG_CXX_LANGUAGE_STANDARD = "gnu++0x";
				CLANG_CXX_LIBRARY = "libc++";
				CLANG_ENABLE_MODULES = YES;
				CLANG_ENABLE_OBJC_ARC = YES;
				CLANG_WARN_BOOL_CONVERSION = YES;
				CLANG_WARN_CONSTANT_CONVERSION = YES;
				CLANG_WARN_DIRECT_OBJC_ISA_USAGE = YES_ERROR;
				CLANG_WARN_EMPTY_BODY = YES;
				CLANG_WARN_ENUM_CONVERSION = YES;
				CLANG_WARN_INT_CONVERSION = YES;
				CLANG_WARN_OBJC_ROOT_CLASS = YES_ERROR;
				CLANG_WARN_UNREACHABLE_CODE = YES;
				CLANG_WARN__DUPLICATE_METHOD_MATCH = YES;
				COPY_PHASE_STRIP = NO;
				ENABLE_STRICT_OBJC_MSGSEND = YES;
				GCC_C_LANGUAGE_STANDARD = gnu99;
				GCC_DYNAMIC_NO_PIC = NO;
				GCC_OPTIMIZATION_LEVEL = 0;
				GCC_PREPROCESSOR_DEFINITIONS = (
					"DEBUG=1",
					"$(inherited)",
				);
				GCC_SYMBOLS_PRIVATE_EXTERN = NO;
				GCC_WARN_64_TO_32_BIT_CONVERSION = YES;
				GCC_WARN_ABOUT_RETURN_TYPE = YES_ERROR;
				GCC_WARN_UNDECLARED_SELECTOR = YES;
				GCC_WARN_UNINITIALIZED_AUTOS = YES_AGGRESSIVE;
				GCC_WARN_UNUSED_FUNCTION = YES;
				GCC_WARN_UNUSED_VARIABLE = YES;
				MACOSX_DEPLOYMENT_TARGET = 10.9;
				MTL_ENABLE_DEBUG_INFO = YES;
				ONLY_ACTIVE_ARCH = YES;
				SDKROOT = macosx;
			};
			name = Debug;
		};
		D43881BC1A92B404004DE878 /* Release */ = {
			isa = XCBuildConfiguration;
			buildSettings = {
				ALWAYS_SEARCH_USER_PATHS = NO;
				CLANG_CXX_LANGUAGE_STANDARD = "gnu++0x";
				CLANG_CXX_LIBRARY = "libc++";
				CLANG_ENABLE_MODULES = YES;
				CLANG_ENABLE_OBJC_ARC = YES;
				CLANG_WARN_BOOL_CONVERSION = YES;
				CLANG_WARN_CONSTANT_CONVERSION = YES;
				CLANG_WARN_DIRECT_OBJC_ISA_USAGE = YES_ERROR;
				CLANG_WARN_EMPTY_BODY = YES;
				CLANG_WARN_ENUM_CONVERSION = YES;
				CLANG_WARN_INT_CONVERSION = YES;
				CLANG_WARN_OBJC_ROOT_CLASS = YES_ERROR;
				CLANG_WARN_UNREACHABLE_CODE = YES;
				CLANG_WARN__DUPLICATE_METHOD_MATCH = YES;
				COPY_PHASE_STRIP = YES;
				DEBUG_INFORMATION_FORMAT = "dwarf-with-dsym";
				ENABLE_NS_ASSERTIONS = NO;
				ENABLE_STRICT_OBJC_MSGSEND = YES;
				GCC_C_LANGUAGE_STANDARD = gnu99;
				GCC_WARN_64_TO_32_BIT_CONVERSION = YES;
				GCC_WARN_ABOUT_RETURN_TYPE = YES_ERROR;
				GCC_WARN_UNDECLARED_SELECTOR = YES;
				GCC_WARN_UNINITIALIZED_AUTOS = YES_AGGRESSIVE;
				GCC_WARN_UNUSED_FUNCTION = YES;
				GCC_WARN_UNUSED_VARIABLE = YES;
				MACOSX_DEPLOYMENT_TARGET = 10.9;
				MTL_ENABLE_DEBUG_INFO = NO;
				SDKROOT = macosx;
			};
			name = Release;
		};
		D43881BE1A92B404004DE878 /* Debug */ = {
			isa = XCBuildConfiguration;
			buildSettings = {
				PRODUCT_NAME = "$(TARGET_NAME)";
			};
			name = Debug;
		};
		D43881BF1A92B404004DE878 /* Release */ = {
			isa = XCBuildConfiguration;
			buildSettings = {
				PRODUCT_NAME = "$(TARGET_NAME)";
			};
			name = Release;
		};
/* End XCBuildConfiguration section */

/* Begin XCConfigurationList section */
		D43881B11A92B404004DE878 /* Build configuration list for PBXProject "cit233_hw4_tony_hendrick_q2" */ = {
			isa = XCConfigurationList;
			buildConfigurations = (
				D43881BB1A92B404004DE878 /* Debug */,
				D43881BC1A92B404004DE878 /* Release */,
			);
			defaultConfigurationIsVisible = 0;
			defaultConfigurationName = Release;
		};
		D43881BD1A92B404004DE878 /* Build configuration list for PBXNativeTarget "cit233_hw4_tony_hendrick_q2" */ = {
			isa = XCConfigurationList;
			buildConfigurations = (
				D43881BE1A92B404004DE878 /* Debug */,
				D43881BF1A92B404004DE878 /* Release */,
			);
			defaultConfigurationIsVisible = 0;
		};
/* End XCConfigurationList section */
	};
	rootObject = D43881AE1A92B404004DE878 /* Project object */;
}
