// !$*UTF8*$!
{
	archiveVersion = 1;
	classes = {
	};
	objectVersion = 46;
	objects = {

/* Begin PBXBuildFile section */
		D43358C01AF2B78C0068A9AD /* main.cpp in Sources */ = {isa = PBXBuildFile; fileRef = D43358BF1AF2B78C0068A9AD /* main.cpp */; };
		D43358CB1AF2B8070068A9AD /* employeeType.cpp in Sources */ = {isa = PBXBuildFile; fileRef = D43358C91AF2B8070068A9AD /* employeeType.cpp */; };
		D48BA4641AF3F2D500F41D98 /* linkedList.cpp in Sources */ = {isa = PBXBuildFile; fileRef = D48BA4621AF3F2D500F41D98 /* linkedList.cpp */; };
		D48BA4671AF459B800F41D98 /* unorderedLinkedList.cpp in Sources */ = {isa = PBXBuildFile; fileRef = D48BA4651AF459B800F41D98 /* unorderedLinkedList.cpp */; };
		D48BA46A1AF4731F00F41D98 /* employeeListType.cpp in Sources */ = {isa = PBXBuildFile; fileRef = D48BA4681AF4731F00F41D98 /* employeeListType.cpp */; };
/* End PBXBuildFile section */

/* Begin PBXCopyFilesBuildPhase section */
		D43358BA1AF2B78C0068A9AD /* CopyFiles */ = {
			isa = PBXCopyFilesBuildPhase;
			buildActionMask = 2147483647;
			dstPath = /usr/share/man/man1/;
			dstSubfolderSpec = 0;
			files = (
			);
			runOnlyForDeploymentPostprocessing = 1;
		};
/* End PBXCopyFilesBuildPhase section */

/* Begin PBXFileReference section */
		D43358BC1AF2B78C0068A9AD /* cit233_hw8_q3 */ = {isa = PBXFileReference; explicitFileType = "compiled.mach-o.executable"; includeInIndex = 0; path = cit233_hw8_q3; sourceTree = BUILT_PRODUCTS_DIR; };
		D43358BF1AF2B78C0068A9AD /* main.cpp */ = {isa = PBXFileReference; lastKnownFileType = sourcecode.cpp.cpp; path = main.cpp; sourceTree = "<group>"; };
		D43358C71AF2B7AD0068A9AD /* nodeType.h */ = {isa = PBXFileReference; fileEncoding = 4; lastKnownFileType = sourcecode.c.h; path = nodeType.h; sourceTree = "<group>"; };
		D43358C91AF2B8070068A9AD /* employeeType.cpp */ = {isa = PBXFileReference; fileEncoding = 4; lastKnownFileType = sourcecode.cpp.cpp; path = employeeType.cpp; sourceTree = "<group>"; };
		D43358CA1AF2B8070068A9AD /* employeeType.h */ = {isa = PBXFileReference; fileEncoding = 4; lastKnownFileType = sourcecode.c.h; path = employeeType.h; sourceTree = "<group>"; };
		D48BA4511AF3CADF00F41D98 /* Type.h */ = {isa = PBXFileReference; fileEncoding = 4; lastKnownFileType = sourcecode.c.h; path = Type.h; sourceTree = "<group>"; };
		D48BA4621AF3F2D500F41D98 /* linkedList.cpp */ = {isa = PBXFileReference; fileEncoding = 4; lastKnownFileType = sourcecode.cpp.cpp; path = linkedList.cpp; sourceTree = "<group>"; };
		D48BA4631AF3F2D500F41D98 /* linkedList.h */ = {isa = PBXFileReference; fileEncoding = 4; lastKnownFileType = sourcecode.c.h; path = linkedList.h; sourceTree = "<group>"; };
		D48BA4651AF459B800F41D98 /* unorderedLinkedList.cpp */ = {isa = PBXFileReference; fileEncoding = 4; lastKnownFileType = sourcecode.cpp.cpp; path = unorderedLinkedList.cpp; sourceTree = "<group>"; };
		D48BA4661AF459B800F41D98 /* unorderedLinkedList.h */ = {isa = PBXFileReference; fileEncoding = 4; lastKnownFileType = sourcecode.c.h; path = unorderedLinkedList.h; sourceTree = "<group>"; };
		D48BA4681AF4731F00F41D98 /* employeeListType.cpp */ = {isa = PBXFileReference; fileEncoding = 4; lastKnownFileType = sourcecode.cpp.cpp; path = employeeListType.cpp; sourceTree = "<group>"; };
		D48BA4691AF4731F00F41D98 /* employeeListType.h */ = {isa = PBXFileReference; fileEncoding = 4; lastKnownFileType = sourcecode.c.h; path = employeeListType.h; sourceTree = "<group>"; };
/* End PBXFileReference section */

/* Begin PBXFrameworksBuildPhase section */
		D43358B91AF2B78C0068A9AD /* Frameworks */ = {
			isa = PBXFrameworksBuildPhase;
			buildActionMask = 2147483647;
			files = (
			);
			runOnlyForDeploymentPostprocessing = 0;
		};
/* End PBXFrameworksBuildPhase section */

/* Begin PBXGroup section */
		D43358B31AF2B78C0068A9AD = {
			isa = PBXGroup;
			children = (
				D43358BE1AF2B78C0068A9AD /* cit233_hw8_q3 */,
				D43358BD1AF2B78C0068A9AD /* Products */,
			);
			sourceTree = "<group>";
		};
		D43358BD1AF2B78C0068A9AD /* Products */ = {
			isa = PBXGroup;
			children = (
				D43358BC1AF2B78C0068A9AD /* cit233_hw8_q3 */,
			);
			name = Products;
			sourceTree = "<group>";
		};
		D43358BE1AF2B78C0068A9AD /* cit233_hw8_q3 */ = {
			isa = PBXGroup;
			children = (
				D43358BF1AF2B78C0068A9AD /* main.cpp */,
				D43358C91AF2B8070068A9AD /* employeeType.cpp */,
				D43358CA1AF2B8070068A9AD /* employeeType.h */,
				D43358C71AF2B7AD0068A9AD /* nodeType.h */,
				D48BA4511AF3CADF00F41D98 /* Type.h */,
				D48BA4621AF3F2D500F41D98 /* linkedList.cpp */,
				D48BA4631AF3F2D500F41D98 /* linkedList.h */,
				D48BA4651AF459B800F41D98 /* unorderedLinkedList.cpp */,
				D48BA4661AF459B800F41D98 /* unorderedLinkedList.h */,
				D48BA4681AF4731F00F41D98 /* employeeListType.cpp */,
				D48BA4691AF4731F00F41D98 /* employeeListType.h */,
			);
			path = cit233_hw8_q3;
			sourceTree = "<group>";
		};
/* End PBXGroup section */

/* Begin PBXNativeTarget section */
		D43358BB1AF2B78C0068A9AD /* cit233_hw8_q3 */ = {
			isa = PBXNativeTarget;
			buildConfigurationList = D43358C31AF2B78C0068A9AD /* Build configuration list for PBXNativeTarget "cit233_hw8_q3" */;
			buildPhases = (
				D43358B81AF2B78C0068A9AD /* Sources */,
				D43358B91AF2B78C0068A9AD /* Frameworks */,
				D43358BA1AF2B78C0068A9AD /* CopyFiles */,
			);
			buildRules = (
			);
			dependencies = (
			);
			name = cit233_hw8_q3;
			productName = cit233_hw8_q3;
			productReference = D43358BC1AF2B78C0068A9AD /* cit233_hw8_q3 */;
			productType = "com.apple.product-type.tool";
		};
/* End PBXNativeTarget section */

/* Begin PBXProject section */
		D43358B41AF2B78C0068A9AD /* Project object */ = {
			isa = PBXProject;
			attributes = {
				LastUpgradeCheck = 0620;
				ORGANIZATIONNAME = "Tony Hendrick";
				TargetAttributes = {
					D43358BB1AF2B78C0068A9AD = {
						CreatedOnToolsVersion = 6.2;
					};
				};
			};
			buildConfigurationList = D43358B71AF2B78C0068A9AD /* Build configuration list for PBXProject "cit233_hw8_q3" */;
			compatibilityVersion = "Xcode 3.2";
			developmentRegion = English;
			hasScannedForEncodings = 0;
			knownRegions = (
				en,
			);
			mainGroup = D43358B31AF2B78C0068A9AD;
			productRefGroup = D43358BD1AF2B78C0068A9AD /* Products */;
			projectDirPath = "";
			projectRoot = "";
			targets = (
				D43358BB1AF2B78C0068A9AD /* cit233_hw8_q3 */,
			);
		};
/* End PBXProject section */

/* Begin PBXSourcesBuildPhase section */
		D43358B81AF2B78C0068A9AD /* Sources */ = {
			isa = PBXSourcesBuildPhase;
			buildActionMask = 2147483647;
			files = (
				D48BA4641AF3F2D500F41D98 /* linkedList.cpp in Sources */,
				D43358CB1AF2B8070068A9AD /* employeeType.cpp in Sources */,
				D43358C01AF2B78C0068A9AD /* main.cpp in Sources */,
				D48BA4671AF459B800F41D98 /* unorderedLinkedList.cpp in Sources */,
				D48BA46A1AF4731F00F41D98 /* employeeListType.cpp in Sources */,
			);
			runOnlyForDeploymentPostprocessing = 0;
		};
/* End PBXSourcesBuildPhase section */

/* Begin XCBuildConfiguration section */
		D43358C11AF2B78C0068A9AD /* Debug */ = {
			isa = XCBuildConfiguration;
			buildSettings = {
				ALWAYS_SEARCH_USER_PATHS = NO;
				CLANG_CXX_LANGUAGE_STANDARD = "gnu++0x";
				CLANG_CXX_LIBRARY = "libc++";
				CLANG_ENABLE_MODULES = YES;
				CLANG_ENABLE_OBJC_ARC = YES;
				CLANG_WARN_BOOL_CONVERSION = YES;
				CLANG_WARN_CONSTANT_CONVERSION = YES;
				CLANG_WARN_DIRECT_OBJC_ISA_USAGE = YES_ERROR;
				CLANG_WARN_EMPTY_BODY = YES;
				CLANG_WARN_ENUM_CONVERSION = YES;
				CLANG_WARN_INT_CONVERSION = YES;
				CLANG_WARN_OBJC_ROOT_CLASS = YES_ERROR;
				CLANG_WARN_UNREACHABLE_CODE = YES;
				CLANG_WARN__DUPLICATE_METHOD_MATCH = YES;
				COPY_PHASE_STRIP = NO;
				ENABLE_STRICT_OBJC_MSGSEND = YES;
				GCC_C_LANGUAGE_STANDARD = gnu99;
				GCC_DYNAMIC_NO_PIC = NO;
				GCC_OPTIMIZATION_LEVEL = 0;
				GCC_PREPROCESSOR_DEFINITIONS = (
					"DEBUG=1",
					"$(inherited)",
				);
				GCC_SYMBOLS_PRIVATE_EXTERN = NO;
				GCC_WARN_64_TO_32_BIT_CONVERSION = YES;
				GCC_WARN_ABOUT_RETURN_TYPE = YES_ERROR;
				GCC_WARN_UNDECLARED_SELECTOR = YES;
				GCC_WARN_UNINITIALIZED_AUTOS = YES_AGGRESSIVE;
				GCC_WARN_UNUSED_FUNCTION = YES;
				GCC_WARN_UNUSED_VARIABLE = YES;
				MACOSX_DEPLOYMENT_TARGET = 10.9;
				MTL_ENABLE_DEBUG_INFO = YES;
				ONLY_ACTIVE_ARCH = YES;
				SDKROOT = macosx;
			};
			name = Debug;
		};
		D43358C21AF2B78C0068A9AD /* Release */ = {
			isa = XCBuildConfiguration;
			buildSettings = {
				ALWAYS_SEARCH_USER_PATHS = NO;
				CLANG_CXX_LANGUAGE_STANDARD = "gnu++0x";
				CLANG_CXX_LIBRARY = "libc++";
				CLANG_ENABLE_MODULES = YES;
				CLANG_ENABLE_OBJC_ARC = YES;
				CLANG_WARN_BOOL_CONVERSION = YES;
				CLANG_WARN_CONSTANT_CONVERSION = YES;
				CLANG_WARN_DIRECT_OBJC_ISA_USAGE = YES_ERROR;
				CLANG_WARN_EMPTY_BODY = YES;
				CLANG_WARN_ENUM_CONVERSION = YES;
				CLANG_WARN_INT_CONVERSION = YES;
				CLANG_WARN_OBJC_ROOT_CLASS = YES_ERROR;
				CLANG_WARN_UNREACHABLE_CODE = YES;
				CLANG_WARN__DUPLICATE_METHOD_MATCH = YES;
				COPY_PHASE_STRIP = NO;
				DEBUG_INFORMATION_FORMAT = "dwarf-with-dsym";
				ENABLE_NS_ASSERTIONS = NO;
				ENABLE_STRICT_OBJC_MSGSEND = YES;
				GCC_C_LANGUAGE_STANDARD = gnu99;
				GCC_WARN_64_TO_32_BIT_CONVERSION = YES;
				GCC_WARN_ABOUT_RETURN_TYPE = YES_ERROR;
				GCC_WARN_UNDECLARED_SELECTOR = YES;
				GCC_WARN_UNINITIALIZED_AUTOS = YES_AGGRESSIVE;
				GCC_WARN_UNUSED_FUNCTION = YES;
				GCC_WARN_UNUSED_VARIABLE = YES;
				MACOSX_DEPLOYMENT_TARGET = 10.9;
				MTL_ENABLE_DEBUG_INFO = NO;
				SDKROOT = macosx;
			};
			name = Release;
		};
		D43358C41AF2B78C0068A9AD /* Debug */ = {
			isa = XCBuildConfiguration;
			buildSettings = {
				PRODUCT_NAME = "$(TARGET_NAME)";
			};
			name = Debug;
		};
		D43358C51AF2B78C0068A9AD /* Release */ = {
			isa = XCBuildConfiguration;
			buildSettings = {
				PRODUCT_NAME = "$(TARGET_NAME)";
			};
			name = Release;
		};
/* End XCBuildConfiguration section */

/* Begin XCConfigurationList section */
		D43358B71AF2B78C0068A9AD /* Build configuration list for PBXProject "cit233_hw8_q3" */ = {
			isa = XCConfigurationList;
			buildConfigurations = (
				D43358C11AF2B78C0068A9AD /* Debug */,
				D43358C21AF2B78C0068A9AD /* Release */,
			);
			defaultConfigurationIsVisible = 0;
			defaultConfigurationName = Release;
		};
		D43358C31AF2B78C0068A9AD /* Build configuration list for PBXNativeTarget "cit233_hw8_q3" */ = {
			isa = XCConfigurationList;
			buildConfigurations = (
				D43358C41AF2B78C0068A9AD /* Debug */,
				D43358C51AF2B78C0068A9AD /* Release */,
			);
			defaultConfigurationIsVisible = 0;
			defaultConfigurationName = Release;
		};
/* End XCConfigurationList section */
	};
	rootObject = D43358B41AF2B78C0068A9AD /* Project object */;
}
