// !$*UTF8*$!
{
	archiveVersion = 1;
	classes = {
	};
	objectVersion = 46;
	objects = {

/* Begin PBXBuildFile section */
		D457770D1A8531F90036FE3A /* main.cpp in Sources */ = {isa = PBXBuildFile; fileRef = D457770C1A8531F90036FE3A /* main.cpp */; };
		D45777151A8536A90036FE3A /* Pool.cpp in Sources */ = {isa = PBXBuildFile; fileRef = D45777131A8536A90036FE3A /* Pool.cpp */; };
/* End PBXBuildFile section */

/* Begin PBXCopyFilesBuildPhase section */
		D45777071A8531F90036FE3A /* CopyFiles */ = {
			isa = PBXCopyFilesBuildPhase;
			buildActionMask = 2147483647;
			dstPath = /usr/share/man/man1/;
			dstSubfolderSpec = 0;
			files = (
			);
			runOnlyForDeploymentPostprocessing = 1;
		};
/* End PBXCopyFilesBuildPhase section */

/* Begin PBXFileReference section */
		D45777091A8531F90036FE3A /* cit233_hw3_tony_hendrick_q1 */ = {isa = PBXFileReference; explicitFileType = "compiled.mach-o.executable"; includeInIndex = 0; path = cit233_hw3_tony_hendrick_q1; sourceTree = BUILT_PRODUCTS_DIR; };
		D457770C1A8531F90036FE3A /* main.cpp */ = {isa = PBXFileReference; lastKnownFileType = sourcecode.cpp.cpp; path = main.cpp; sourceTree = "<group>"; };
		D45777131A8536A90036FE3A /* Pool.cpp */ = {isa = PBXFileReference; fileEncoding = 4; lastKnownFileType = sourcecode.cpp.cpp; path = Pool.cpp; sourceTree = "<group>"; };
		D45777141A8536A90036FE3A /* Pool.h */ = {isa = PBXFileReference; fileEncoding = 4; lastKnownFileType = sourcecode.c.h; path = Pool.h; sourceTree = "<group>"; };
/* End PBXFileReference section */

/* Begin PBXFrameworksBuildPhase section */
		D45777061A8531F90036FE3A /* Frameworks */ = {
			isa = PBXFrameworksBuildPhase;
			buildActionMask = 2147483647;
			files = (
			);
			runOnlyForDeploymentPostprocessing = 0;
		};
/* End PBXFrameworksBuildPhase section */

/* Begin PBXGroup section */
		D45777001A8531F90036FE3A = {
			isa = PBXGroup;
			children = (
				D457770B1A8531F90036FE3A /* cit233_hw3_tony_hendrick_q1 */,
				D457770A1A8531F90036FE3A /* Products */,
			);
			sourceTree = "<group>";
		};
		D457770A1A8531F90036FE3A /* Products */ = {
			isa = PBXGroup;
			children = (
				D45777091A8531F90036FE3A /* cit233_hw3_tony_hendrick_q1 */,
			);
			name = Products;
			sourceTree = "<group>";
		};
		D457770B1A8531F90036FE3A /* cit233_hw3_tony_hendrick_q1 */ = {
			isa = PBXGroup;
			children = (
				D457770C1A8531F90036FE3A /* main.cpp */,
				D45777131A8536A90036FE3A /* Pool.cpp */,
				D45777141A8536A90036FE3A /* Pool.h */,
			);
			path = cit233_hw3_tony_hendrick_q1;
			sourceTree = "<group>";
		};
/* End PBXGroup section */

/* Begin PBXNativeTarget section */
		D45777081A8531F90036FE3A /* cit233_hw3_tony_hendrick_q1 */ = {
			isa = PBXNativeTarget;
			buildConfigurationList = D45777101A8531F90036FE3A /* Build configuration list for PBXNativeTarget "cit233_hw3_tony_hendrick_q1" */;
			buildPhases = (
				D45777051A8531F90036FE3A /* Sources */,
				D45777061A8531F90036FE3A /* Frameworks */,
				D45777071A8531F90036FE3A /* CopyFiles */,
			);
			buildRules = (
			);
			dependencies = (
			);
			name = cit233_hw3_tony_hendrick_q1;
			productName = cit233_hw3_tony_hendrick_q1;
			productReference = D45777091A8531F90036FE3A /* cit233_hw3_tony_hendrick_q1 */;
			productType = "com.apple.product-type.tool";
		};
/* End PBXNativeTarget section */

/* Begin PBXProject section */
		D45777011A8531F90036FE3A /* Project object */ = {
			isa = PBXProject;
			attributes = {
				LastUpgradeCheck = 0610;
				ORGANIZATIONNAME = "Tony Hendrick";
				TargetAttributes = {
					D45777081A8531F90036FE3A = {
						CreatedOnToolsVersion = 6.1.1;
					};
				};
			};
			buildConfigurationList = D45777041A8531F90036FE3A /* Build configuration list for PBXProject "cit233_hw3_tony_hendrick_q1" */;
			compatibilityVersion = "Xcode 3.2";
			developmentRegion = English;
			hasScannedForEncodings = 0;
			knownRegions = (
				en,
			);
			mainGroup = D45777001A8531F90036FE3A;
			productRefGroup = D457770A1A8531F90036FE3A /* Products */;
			projectDirPath = "";
			projectRoot = "";
			targets = (
				D45777081A8531F90036FE3A /* cit233_hw3_tony_hendrick_q1 */,
			);
		};
/* End PBXProject section */

/* Begin PBXSourcesBuildPhase section */
		D45777051A8531F90036FE3A /* Sources */ = {
			isa = PBXSourcesBuildPhase;
			buildActionMask = 2147483647;
			files = (
				D457770D1A8531F90036FE3A /* main.cpp in Sources */,
				D45777151A8536A90036FE3A /* Pool.cpp in Sources */,
			);
			runOnlyForDeploymentPostprocessing = 0;
		};
/* End PBXSourcesBuildPhase section */

/* Begin XCBuildConfiguration section */
		D457770E1A8531F90036FE3A /* Debug */ = {
			isa = XCBuildConfiguration;
			buildSettings = {
				ALWAYS_SEARCH_USER_PATHS = NO;
				CLANG_CXX_LANGUAGE_STANDARD = "gnu++0x";
				CLANG_CXX_LIBRARY = "libc++";
				CLANG_ENABLE_MODULES = YES;
				CLANG_ENABLE_OBJC_ARC = YES;
				CLANG_WARN_BOOL_CONVERSION = YES;
				CLANG_WARN_CONSTANT_CONVERSION = YES;
				CLANG_WARN_DIRECT_OBJC_ISA_USAGE = YES_ERROR;
				CLANG_WARN_EMPTY_BODY = YES;
				CLANG_WARN_ENUM_CONVERSION = YES;
				CLANG_WARN_INT_CONVERSION = YES;
				CLANG_WARN_OBJC_ROOT_CLASS = YES_ERROR;
				CLANG_WARN_UNREACHABLE_CODE = YES;
				CLANG_WARN__DUPLICATE_METHOD_MATCH = YES;
				COPY_PHASE_STRIP = NO;
				ENABLE_STRICT_OBJC_MSGSEND = YES;
				GCC_C_LANGUAGE_STANDARD = gnu99;
				GCC_DYNAMIC_NO_PIC = NO;
				GCC_OPTIMIZATION_LEVEL = 0;
				GCC_PREPROCESSOR_DEFINITIONS = (
					"DEBUG=1",
					"$(inherited)",
				);
				GCC_SYMBOLS_PRIVATE_EXTERN = NO;
				GCC_WARN_64_TO_32_BIT_CONVERSION = YES;
				GCC_WARN_ABOUT_RETURN_TYPE = YES_ERROR;
				GCC_WARN_UNDECLARED_SELECTOR = YES;
				GCC_WARN_UNINITIALIZED_AUTOS = YES_AGGRESSIVE;
				GCC_WARN_UNUSED_FUNCTION = YES;
				GCC_WARN_UNUSED_VARIABLE = YES;
				MACOSX_DEPLOYMENT_TARGET = 10.9;
				MTL_ENABLE_DEBUG_INFO = YES;
				ONLY_ACTIVE_ARCH = YES;
				SDKROOT = macosx;
			};
			name = Debug;
		};
		D457770F1A8531F90036FE3A /* Release */ = {
			isa = XCBuildConfiguration;
			buildSettings = {
				ALWAYS_SEARCH_USER_PATHS = NO;
				CLANG_CXX_LANGUAGE_STANDARD = "gnu++0x";
				CLANG_CXX_LIBRARY = "libc++";
				CLANG_ENABLE_MODULES = YES;
				CLANG_ENABLE_OBJC_ARC = YES;
				CLANG_WARN_BOOL_CONVERSION = YES;
				CLANG_WARN_CONSTANT_CONVERSION = YES;
				CLANG_WARN_DIRECT_OBJC_ISA_USAGE = YES_ERROR;
				CLANG_WARN_EMPTY_BODY = YES;
				CLANG_WARN_ENUM_CONVERSION = YES;
				CLANG_WARN_INT_CONVERSION = YES;
				CLANG_WARN_OBJC_ROOT_CLASS = YES_ERROR;
				CLANG_WARN_UNREACHABLE_CODE = YES;
				CLANG_WARN__DUPLICATE_METHOD_MATCH = YES;
				COPY_PHASE_STRIP = YES;
				DEBUG_INFORMATION_FORMAT = "dwarf-with-dsym";
				ENABLE_NS_ASSERTIONS = NO;
				ENABLE_STRICT_OBJC_MSGSEND = YES;
				GCC_C_LANGUAGE_STANDARD = gnu99;
				GCC_WARN_64_TO_32_BIT_CONVERSION = YES;
				GCC_WARN_ABOUT_RETURN_TYPE = YES_ERROR;
				GCC_WARN_UNDECLARED_SELECTOR = YES;
				GCC_WARN_UNINITIALIZED_AUTOS = YES_AGGRESSIVE;
				GCC_WARN_UNUSED_FUNCTION = YES;
				GCC_WARN_UNUSED_VARIABLE = YES;
				MACOSX_DEPLOYMENT_TARGET = 10.9;
				MTL_ENABLE_DEBUG_INFO = NO;
				SDKROOT = macosx;
			};
			name = Release;
		};
		D45777111A8531F90036FE3A /* Debug */ = {
			isa = XCBuildConfiguration;
			buildSettings = {
				PRODUCT_NAME = "$(TARGET_NAME)";
			};
			name = Debug;
		};
		D45777121A8531F90036FE3A /* Release */ = {
			isa = XCBuildConfiguration;
			buildSettings = {
				PRODUCT_NAME = "$(TARGET_NAME)";
			};
			name = Release;
		};
/* End XCBuildConfiguration section */

/* Begin XCConfigurationList section */
		D45777041A8531F90036FE3A /* Build configuration list for PBXProject "cit233_hw3_tony_hendrick_q1" */ = {
			isa = XCConfigurationList;
			buildConfigurations = (
				D457770E1A8531F90036FE3A /* Debug */,
				D457770F1A8531F90036FE3A /* Release */,
			);
			defaultConfigurationIsVisible = 0;
			defaultConfigurationName = Release;
		};
		D45777101A8531F90036FE3A /* Build configuration list for PBXNativeTarget "cit233_hw3_tony_hendrick_q1" */ = {
			isa = XCConfigurationList;
			buildConfigurations = (
				D45777111A8531F90036FE3A /* Debug */,
				D45777121A8531F90036FE3A /* Release */,
			);
			defaultConfigurationIsVisible = 0;
		};
/* End XCConfigurationList section */
	};
	rootObject = D45777011A8531F90036FE3A /* Project object */;
}
