// !$*UTF8*$!
{
	archiveVersion = 1;
	classes = {
	};
	objectVersion = 46;
	objects = {

/* Begin PBXBuildFile section */
		D4199E8C1ACCF72000592011 /* main.cpp in Sources */ = {isa = PBXBuildFile; fileRef = D4199E8B1ACCF72000592011 /* main.cpp */; };
		D4199E9A1ACCF85C00592011 /* matrixType.cpp in Sources */ = {isa = PBXBuildFile; fileRef = D4199E981ACCF85C00592011 /* matrixType.cpp */; };
/* End PBXBuildFile section */

/* Begin PBXCopyFilesBuildPhase section */
		D4199E861ACCF72000592011 /* CopyFiles */ = {
			isa = PBXCopyFilesBuildPhase;
			buildActionMask = 2147483647;
			dstPath = /usr/share/man/man1/;
			dstSubfolderSpec = 0;
			files = (
			);
			runOnlyForDeploymentPostprocessing = 1;
		};
/* End PBXCopyFilesBuildPhase section */

/* Begin PBXFileReference section */
		D4199E881ACCF72000592011 /* cit233_hw6_tonyhendrick_q2 */ = {isa = PBXFileReference; explicitFileType = "compiled.mach-o.executable"; includeInIndex = 0; path = cit233_hw6_tonyhendrick_q2; sourceTree = BUILT_PRODUCTS_DIR; };
		D4199E8B1ACCF72000592011 /* main.cpp */ = {isa = PBXFileReference; lastKnownFileType = sourcecode.cpp.cpp; path = main.cpp; sourceTree = "<group>"; };
		D4199E981ACCF85C00592011 /* matrixType.cpp */ = {isa = PBXFileReference; fileEncoding = 4; lastKnownFileType = sourcecode.cpp.cpp; path = matrixType.cpp; sourceTree = "<group>"; };
		D4199E991ACCF85C00592011 /* matrixType.h */ = {isa = PBXFileReference; fileEncoding = 4; lastKnownFileType = sourcecode.c.h; path = matrixType.h; sourceTree = "<group>"; };
/* End PBXFileReference section */

/* Begin PBXFrameworksBuildPhase section */
		D4199E851ACCF72000592011 /* Frameworks */ = {
			isa = PBXFrameworksBuildPhase;
			buildActionMask = 2147483647;
			files = (
			);
			runOnlyForDeploymentPostprocessing = 0;
		};
/* End PBXFrameworksBuildPhase section */

/* Begin PBXGroup section */
		D4199E7F1ACCF72000592011 = {
			isa = PBXGroup;
			children = (
				D4199E8A1ACCF72000592011 /* cit233_hw6_tonyhendrick_q2 */,
				D4199E891ACCF72000592011 /* Products */,
			);
			sourceTree = "<group>";
		};
		D4199E891ACCF72000592011 /* Products */ = {
			isa = PBXGroup;
			children = (
				D4199E881ACCF72000592011 /* cit233_hw6_tonyhendrick_q2 */,
			);
			name = Products;
			sourceTree = "<group>";
		};
		D4199E8A1ACCF72000592011 /* cit233_hw6_tonyhendrick_q2 */ = {
			isa = PBXGroup;
			children = (
				D4199E8B1ACCF72000592011 /* main.cpp */,
				D4199E981ACCF85C00592011 /* matrixType.cpp */,
				D4199E991ACCF85C00592011 /* matrixType.h */,
			);
			path = cit233_hw6_tonyhendrick_q2;
			sourceTree = "<group>";
		};
/* End PBXGroup section */

/* Begin PBXNativeTarget section */
		D4199E871ACCF72000592011 /* cit233_hw6_tonyhendrick_q2 */ = {
			isa = PBXNativeTarget;
			buildConfigurationList = D4199E8F1ACCF72000592011 /* Build configuration list for PBXNativeTarget "cit233_hw6_tonyhendrick_q2" */;
			buildPhases = (
				D4199E841ACCF72000592011 /* Sources */,
				D4199E851ACCF72000592011 /* Frameworks */,
				D4199E861ACCF72000592011 /* CopyFiles */,
			);
			buildRules = (
			);
			dependencies = (
			);
			name = cit233_hw6_tonyhendrick_q2;
			productName = cit233_hw6_tonyhendrick_q2;
			productReference = D4199E881ACCF72000592011 /* cit233_hw6_tonyhendrick_q2 */;
			productType = "com.apple.product-type.tool";
		};
/* End PBXNativeTarget section */

/* Begin PBXProject section */
		D4199E801ACCF72000592011 /* Project object */ = {
			isa = PBXProject;
			attributes = {
				LastUpgradeCheck = 0620;
				ORGANIZATIONNAME = "Tony Hendrick";
				TargetAttributes = {
					D4199E871ACCF72000592011 = {
						CreatedOnToolsVersion = 6.2;
					};
				};
			};
			buildConfigurationList = D4199E831ACCF72000592011 /* Build configuration list for PBXProject "cit233_hw6_tonyhendrick_q2" */;
			compatibilityVersion = "Xcode 3.2";
			developmentRegion = English;
			hasScannedForEncodings = 0;
			knownRegions = (
				en,
			);
			mainGroup = D4199E7F1ACCF72000592011;
			productRefGroup = D4199E891ACCF72000592011 /* Products */;
			projectDirPath = "";
			projectRoot = "";
			targets = (
				D4199E871ACCF72000592011 /* cit233_hw6_tonyhendrick_q2 */,
			);
		};
/* End PBXProject section */

/* Begin PBXSourcesBuildPhase section */
		D4199E841ACCF72000592011 /* Sources */ = {
			isa = PBXSourcesBuildPhase;
			buildActionMask = 2147483647;
			files = (
				D4199E9A1ACCF85C00592011 /* matrixType.cpp in Sources */,
				D4199E8C1ACCF72000592011 /* main.cpp in Sources */,
			);
			runOnlyForDeploymentPostprocessing = 0;
		};
/* End PBXSourcesBuildPhase section */

/* Begin XCBuildConfiguration section */
		D4199E8D1ACCF72000592011 /* Debug */ = {
			isa = XCBuildConfiguration;
			buildSettings = {
				ALWAYS_SEARCH_USER_PATHS = NO;
				CLANG_CXX_LANGUAGE_STANDARD = "gnu++0x";
				CLANG_CXX_LIBRARY = "libc++";
				CLANG_ENABLE_MODULES = YES;
				CLANG_ENABLE_OBJC_ARC = YES;
				CLANG_WARN_BOOL_CONVERSION = YES;
				CLANG_WARN_CONSTANT_CONVERSION = YES;
				CLANG_WARN_DIRECT_OBJC_ISA_USAGE = YES_ERROR;
				CLANG_WARN_EMPTY_BODY = YES;
				CLANG_WARN_ENUM_CONVERSION = YES;
				CLANG_WARN_INT_CONVERSION = YES;
				CLANG_WARN_OBJC_ROOT_CLASS = YES_ERROR;
				CLANG_WARN_UNREACHABLE_CODE = YES;
				CLANG_WARN__DUPLICATE_METHOD_MATCH = YES;
				COPY_PHASE_STRIP = NO;
				ENABLE_STRICT_OBJC_MSGSEND = YES;
				GCC_C_LANGUAGE_STANDARD = gnu99;
				GCC_DYNAMIC_NO_PIC = NO;
				GCC_OPTIMIZATION_LEVEL = 0;
				GCC_PREPROCESSOR_DEFINITIONS = (
					"DEBUG=1",
					"$(inherited)",
				);
				GCC_SYMBOLS_PRIVATE_EXTERN = NO;
				GCC_WARN_64_TO_32_BIT_CONVERSION = YES;
				GCC_WARN_ABOUT_RETURN_TYPE = YES_ERROR;
				GCC_WARN_UNDECLARED_SELECTOR = YES;
				GCC_WARN_UNINITIALIZED_AUTOS = YES_AGGRESSIVE;
				GCC_WARN_UNUSED_FUNCTION = YES;
				GCC_WARN_UNUSED_VARIABLE = YES;
				MACOSX_DEPLOYMENT_TARGET = 10.9;
				MTL_ENABLE_DEBUG_INFO = YES;
				ONLY_ACTIVE_ARCH = YES;
				SDKROOT = macosx;
			};
			name = Debug;
		};
		D4199E8E1ACCF72000592011 /* Release */ = {
			isa = XCBuildConfiguration;
			buildSettings = {
				ALWAYS_SEARCH_USER_PATHS = NO;
				CLANG_CXX_LANGUAGE_STANDARD = "gnu++0x";
				CLANG_CXX_LIBRARY = "libc++";
				CLANG_ENABLE_MODULES = YES;
				CLANG_ENABLE_OBJC_ARC = YES;
				CLANG_WARN_BOOL_CONVERSION = YES;
				CLANG_WARN_CONSTANT_CONVERSION = YES;
				CLANG_WARN_DIRECT_OBJC_ISA_USAGE = YES_ERROR;
				CLANG_WARN_EMPTY_BODY = YES;
				CLANG_WARN_ENUM_CONVERSION = YES;
				CLANG_WARN_INT_CONVERSION = YES;
				CLANG_WARN_OBJC_ROOT_CLASS = YES_ERROR;
				CLANG_WARN_UNREACHABLE_CODE = YES;
				CLANG_WARN__DUPLICATE_METHOD_MATCH = YES;
				COPY_PHASE_STRIP = NO;
				DEBUG_INFORMATION_FORMAT = "dwarf-with-dsym";
				ENABLE_NS_ASSERTIONS = NO;
				ENABLE_STRICT_OBJC_MSGSEND = YES;
				GCC_C_LANGUAGE_STANDARD = gnu99;
				GCC_WARN_64_TO_32_BIT_CONVERSION = YES;
				GCC_WARN_ABOUT_RETURN_TYPE = YES_ERROR;
				GCC_WARN_UNDECLARED_SELECTOR = YES;
				GCC_WARN_UNINITIALIZED_AUTOS = YES_AGGRESSIVE;
				GCC_WARN_UNUSED_FUNCTION = YES;
				GCC_WARN_UNUSED_VARIABLE = YES;
				MACOSX_DEPLOYMENT_TARGET = 10.9;
				MTL_ENABLE_DEBUG_INFO = NO;
				SDKROOT = macosx;
			};
			name = Release;
		};
		D4199E901ACCF72000592011 /* Debug */ = {
			isa = XCBuildConfiguration;
			buildSettings = {
				PRODUCT_NAME = "$(TARGET_NAME)";
			};
			name = Debug;
		};
		D4199E911ACCF72000592011 /* Release */ = {
			isa = XCBuildConfiguration;
			buildSettings = {
				PRODUCT_NAME = "$(TARGET_NAME)";
			};
			name = Release;
		};
/* End XCBuildConfiguration section */

/* Begin XCConfigurationList section */
		D4199E831ACCF72000592011 /* Build configuration list for PBXProject "cit233_hw6_tonyhendrick_q2" */ = {
			isa = XCConfigurationList;
			buildConfigurations = (
				D4199E8D1ACCF72000592011 /* Debug */,
				D4199E8E1ACCF72000592011 /* Release */,
			);
			defaultConfigurationIsVisible = 0;
			defaultConfigurationName = Release;
		};
		D4199E8F1ACCF72000592011 /* Build configuration list for PBXNativeTarget "cit233_hw6_tonyhendrick_q2" */ = {
			isa = XCConfigurationList;
			buildConfigurations = (
				D4199E901ACCF72000592011 /* Debug */,
				D4199E911ACCF72000592011 /* Release */,
			);
			defaultConfigurationIsVisible = 0;
		};
/* End XCConfigurationList section */
	};
	rootObject = D4199E801ACCF72000592011 /* Project object */;
}
