// !$*UTF8*$!
{
	archiveVersion = 1;
	classes = {
	};
	objectVersion = 46;
	objects = {

/* Begin PBXBuildFile section */
		D42FF2211ADF413A00F8BD34 /* main.cpp in Sources */ = {isa = PBXBuildFile; fileRef = D42FF2201ADF413A00F8BD34 /* main.cpp */; };
		D480CA621AE2B86500227FE3 /* fractionType.cpp in Sources */ = {isa = PBXBuildFile; fileRef = D480CA601AE2B86500227FE3 /* fractionType.cpp */; };
/* End PBXBuildFile section */

/* Begin PBXCopyFilesBuildPhase section */
		D42FF21B1ADF413A00F8BD34 /* CopyFiles */ = {
			isa = PBXCopyFilesBuildPhase;
			buildActionMask = 2147483647;
			dstPath = /usr/share/man/man1/;
			dstSubfolderSpec = 0;
			files = (
			);
			runOnlyForDeploymentPostprocessing = 1;
		};
/* End PBXCopyFilesBuildPhase section */

/* Begin PBXFileReference section */
		D42FF21D1ADF413A00F8BD34 /* cit233_hw7_tonyhendrick_q1 */ = {isa = PBXFileReference; explicitFileType = "compiled.mach-o.executable"; includeInIndex = 0; path = cit233_hw7_tonyhendrick_q1; sourceTree = BUILT_PRODUCTS_DIR; };
		D42FF2201ADF413A00F8BD34 /* main.cpp */ = {isa = PBXFileReference; lastKnownFileType = sourcecode.cpp.cpp; path = main.cpp; sourceTree = "<group>"; };
		D480CA601AE2B86500227FE3 /* fractionType.cpp */ = {isa = PBXFileReference; fileEncoding = 4; lastKnownFileType = sourcecode.cpp.cpp; path = fractionType.cpp; sourceTree = "<group>"; };
		D480CA611AE2B86500227FE3 /* fractionType.h */ = {isa = PBXFileReference; fileEncoding = 4; lastKnownFileType = sourcecode.c.h; path = fractionType.h; sourceTree = "<group>"; };
/* End PBXFileReference section */

/* Begin PBXFrameworksBuildPhase section */
		D42FF21A1ADF413A00F8BD34 /* Frameworks */ = {
			isa = PBXFrameworksBuildPhase;
			buildActionMask = 2147483647;
			files = (
			);
			runOnlyForDeploymentPostprocessing = 0;
		};
/* End PBXFrameworksBuildPhase section */

/* Begin PBXGroup section */
		D42FF2141ADF413A00F8BD34 = {
			isa = PBXGroup;
			children = (
				D42FF21F1ADF413A00F8BD34 /* cit233_hw7_tonyhendrick_q1 */,
				D42FF21E1ADF413A00F8BD34 /* Products */,
			);
			sourceTree = "<group>";
		};
		D42FF21E1ADF413A00F8BD34 /* Products */ = {
			isa = PBXGroup;
			children = (
				D42FF21D1ADF413A00F8BD34 /* cit233_hw7_tonyhendrick_q1 */,
			);
			name = Products;
			sourceTree = "<group>";
		};
		D42FF21F1ADF413A00F8BD34 /* cit233_hw7_tonyhendrick_q1 */ = {
			isa = PBXGroup;
			children = (
				D42FF2201ADF413A00F8BD34 /* main.cpp */,
				D480CA601AE2B86500227FE3 /* fractionType.cpp */,
				D480CA611AE2B86500227FE3 /* fractionType.h */,
			);
			path = cit233_hw7_tonyhendrick_q1;
			sourceTree = "<group>";
		};
/* End PBXGroup section */

/* Begin PBXNativeTarget section */
		D42FF21C1ADF413A00F8BD34 /* cit233_hw7_tonyhendrick_q1 */ = {
			isa = PBXNativeTarget;
			buildConfigurationList = D42FF2241ADF413A00F8BD34 /* Build configuration list for PBXNativeTarget "cit233_hw7_tonyhendrick_q1" */;
			buildPhases = (
				D42FF2191ADF413A00F8BD34 /* Sources */,
				D42FF21A1ADF413A00F8BD34 /* Frameworks */,
				D42FF21B1ADF413A00F8BD34 /* CopyFiles */,
			);
			buildRules = (
			);
			dependencies = (
			);
			name = cit233_hw7_tonyhendrick_q1;
			productName = cit233_hw7_tonyhendrick_q1;
			productReference = D42FF21D1ADF413A00F8BD34 /* cit233_hw7_tonyhendrick_q1 */;
			productType = "com.apple.product-type.tool";
		};
/* End PBXNativeTarget section */

/* Begin PBXProject section */
		D42FF2151ADF413A00F8BD34 /* Project object */ = {
			isa = PBXProject;
			attributes = {
				LastUpgradeCheck = 0620;
				ORGANIZATIONNAME = "Tony Hendrick";
				TargetAttributes = {
					D42FF21C1ADF413A00F8BD34 = {
						CreatedOnToolsVersion = 6.2;
					};
				};
			};
			buildConfigurationList = D42FF2181ADF413A00F8BD34 /* Build configuration list for PBXProject "cit233_hw7_tonyhendrick_q1" */;
			compatibilityVersion = "Xcode 3.2";
			developmentRegion = English;
			hasScannedForEncodings = 0;
			knownRegions = (
				en,
			);
			mainGroup = D42FF2141ADF413A00F8BD34;
			productRefGroup = D42FF21E1ADF413A00F8BD34 /* Products */;
			projectDirPath = "";
			projectRoot = "";
			targets = (
				D42FF21C1ADF413A00F8BD34 /* cit233_hw7_tonyhendrick_q1 */,
			);
		};
/* End PBXProject section */

/* Begin PBXSourcesBuildPhase section */
		D42FF2191ADF413A00F8BD34 /* Sources */ = {
			isa = PBXSourcesBuildPhase;
			buildActionMask = 2147483647;
			files = (
				D42FF2211ADF413A00F8BD34 /* main.cpp in Sources */,
				D480CA621AE2B86500227FE3 /* fractionType.cpp in Sources */,
			);
			runOnlyForDeploymentPostprocessing = 0;
		};
/* End PBXSourcesBuildPhase section */

/* Begin XCBuildConfiguration section */
		D42FF2221ADF413A00F8BD34 /* Debug */ = {
			isa = XCBuildConfiguration;
			buildSettings = {
				ALWAYS_SEARCH_USER_PATHS = NO;
				CLANG_CXX_LANGUAGE_STANDARD = "gnu++0x";
				CLANG_CXX_LIBRARY = "libc++";
				CLANG_ENABLE_MODULES = YES;
				CLANG_ENABLE_OBJC_ARC = YES;
				CLANG_WARN_BOOL_CONVERSION = YES;
				CLANG_WARN_CONSTANT_CONVERSION = YES;
				CLANG_WARN_DIRECT_OBJC_ISA_USAGE = YES_ERROR;
				CLANG_WARN_EMPTY_BODY = YES;
				CLANG_WARN_ENUM_CONVERSION = YES;
				CLANG_WARN_INT_CONVERSION = YES;
				CLANG_WARN_OBJC_ROOT_CLASS = YES_ERROR;
				CLANG_WARN_UNREACHABLE_CODE = YES;
				CLANG_WARN__DUPLICATE_METHOD_MATCH = YES;
				COPY_PHASE_STRIP = NO;
				ENABLE_STRICT_OBJC_MSGSEND = YES;
				GCC_C_LANGUAGE_STANDARD = gnu99;
				GCC_DYNAMIC_NO_PIC = NO;
				GCC_OPTIMIZATION_LEVEL = 0;
				GCC_PREPROCESSOR_DEFINITIONS = (
					"DEBUG=1",
					"$(inherited)",
				);
				GCC_SYMBOLS_PRIVATE_EXTERN = NO;
				GCC_WARN_64_TO_32_BIT_CONVERSION = YES;
				GCC_WARN_ABOUT_RETURN_TYPE = YES_ERROR;
				GCC_WARN_UNDECLARED_SELECTOR = YES;
				GCC_WARN_UNINITIALIZED_AUTOS = YES_AGGRESSIVE;
				GCC_WARN_UNUSED_FUNCTION = YES;
				GCC_WARN_UNUSED_VARIABLE = YES;
				MACOSX_DEPLOYMENT_TARGET = 10.9;
				MTL_ENABLE_DEBUG_INFO = YES;
				ONLY_ACTIVE_ARCH = YES;
				SDKROOT = macosx;
			};
			name = Debug;
		};
		D42FF2231ADF413A00F8BD34 /* Release */ = {
			isa = XCBuildConfiguration;
			buildSettings = {
				ALWAYS_SEARCH_USER_PATHS = NO;
				CLANG_CXX_LANGUAGE_STANDARD = "gnu++0x";
				CLANG_CXX_LIBRARY = "libc++";
				CLANG_ENABLE_MODULES = YES;
				CLANG_ENABLE_OBJC_ARC = YES;
				CLANG_WARN_BOOL_CONVERSION = YES;
				CLANG_WARN_CONSTANT_CONVERSION = YES;
				CLANG_WARN_DIRECT_OBJC_ISA_USAGE = YES_ERROR;
				CLANG_WARN_EMPTY_BODY = YES;
				CLANG_WARN_ENUM_CONVERSION = YES;
				CLANG_WARN_INT_CONVERSION = YES;
				CLANG_WARN_OBJC_ROOT_CLASS = YES_ERROR;
				CLANG_WARN_UNREACHABLE_CODE = YES;
				CLANG_WARN__DUPLICATE_METHOD_MATCH = YES;
				COPY_PHASE_STRIP = NO;
				DEBUG_INFORMATION_FORMAT = "dwarf-with-dsym";
				ENABLE_NS_ASSERTIONS = NO;
				ENABLE_STRICT_OBJC_MSGSEND = YES;
				GCC_C_LANGUAGE_STANDARD = gnu99;
				GCC_WARN_64_TO_32_BIT_CONVERSION = YES;
				GCC_WARN_ABOUT_RETURN_TYPE = YES_ERROR;
				GCC_WARN_UNDECLARED_SELECTOR = YES;
				GCC_WARN_UNINITIALIZED_AUTOS = YES_AGGRESSIVE;
				GCC_WARN_UNUSED_FUNCTION = YES;
				GCC_WARN_UNUSED_VARIABLE = YES;
				MACOSX_DEPLOYMENT_TARGET = 10.9;
				MTL_ENABLE_DEBUG_INFO = NO;
				SDKROOT = macosx;
			};
			name = Release;
		};
		D42FF2251ADF413A00F8BD34 /* Debug */ = {
			isa = XCBuildConfiguration;
			buildSettings = {
				PRODUCT_NAME = "$(TARGET_NAME)";
			};
			name = Debug;
		};
		D42FF2261ADF413A00F8BD34 /* Release */ = {
			isa = XCBuildConfiguration;
			buildSettings = {
				PRODUCT_NAME = "$(TARGET_NAME)";
			};
			name = Release;
		};
/* End XCBuildConfiguration section */

/* Begin XCConfigurationList section */
		D42FF2181ADF413A00F8BD34 /* Build configuration list for PBXProject "cit233_hw7_tonyhendrick_q1" */ = {
			isa = XCConfigurationList;
			buildConfigurations = (
				D42FF2221ADF413A00F8BD34 /* Debug */,
				D42FF2231ADF413A00F8BD34 /* Release */,
			);
			defaultConfigurationIsVisible = 0;
			defaultConfigurationName = Release;
		};
		D42FF2241ADF413A00F8BD34 /* Build configuration list for PBXNativeTarget "cit233_hw7_tonyhendrick_q1" */ = {
			isa = XCConfigurationList;
			buildConfigurations = (
				D42FF2251ADF413A00F8BD34 /* Debug */,
				D42FF2261ADF413A00F8BD34 /* Release */,
			);
			defaultConfigurationIsVisible = 0;
			defaultConfigurationName = Release;
		};
/* End XCConfigurationList section */
	};
	rootObject = D42FF2151ADF413A00F8BD34 /* Project object */;
}
