// !$*UTF8*$!
{
	archiveVersion = 1;
	classes = {
	};
	objectVersion = 46;
	objects = {

/* Begin PBXBuildFile section */
		D43881A11A916C02004DE878 /* main.cpp in Sources */ = {isa = PBXBuildFile; fileRef = D43881A01A916C02004DE878 /* main.cpp */; };
		D43881A91A916CEA004DE878 /* clockType.cpp in Sources */ = {isa = PBXBuildFile; fileRef = D43881A71A916CEA004DE878 /* clockType.cpp */; };
		D43881AC1A9175EF004DE878 /* extClockType.cpp in Sources */ = {isa = PBXBuildFile; fileRef = D43881AA1A9175EF004DE878 /* extClockType.cpp */; };
/* End PBXBuildFile section */

/* Begin PBXCopyFilesBuildPhase section */
		D438819B1A916C02004DE878 /* CopyFiles */ = {
			isa = PBXCopyFilesBuildPhase;
			buildActionMask = 2147483647;
			dstPath = /usr/share/man/man1/;
			dstSubfolderSpec = 0;
			files = (
			);
			runOnlyForDeploymentPostprocessing = 1;
		};
/* End PBXCopyFilesBuildPhase section */

/* Begin PBXFileReference section */
		D438819D1A916C02004DE878 /* cit233_hw4_tony_hendrick_q1 */ = {isa = PBXFileReference; explicitFileType = "compiled.mach-o.executable"; includeInIndex = 0; path = cit233_hw4_tony_hendrick_q1; sourceTree = BUILT_PRODUCTS_DIR; };
		D43881A01A916C02004DE878 /* main.cpp */ = {isa = PBXFileReference; lastKnownFileType = sourcecode.cpp.cpp; path = main.cpp; sourceTree = "<group>"; };
		D43881A71A916CEA004DE878 /* clockType.cpp */ = {isa = PBXFileReference; fileEncoding = 4; lastKnownFileType = sourcecode.cpp.cpp; path = clockType.cpp; sourceTree = "<group>"; };
		D43881A81A916CEA004DE878 /* clockType.h */ = {isa = PBXFileReference; fileEncoding = 4; lastKnownFileType = sourcecode.c.h; path = clockType.h; sourceTree = "<group>"; };
		D43881AA1A9175EF004DE878 /* extClockType.cpp */ = {isa = PBXFileReference; fileEncoding = 4; lastKnownFileType = sourcecode.cpp.cpp; path = extClockType.cpp; sourceTree = "<group>"; };
		D43881AB1A9175EF004DE878 /* extClockType.h */ = {isa = PBXFileReference; fileEncoding = 4; lastKnownFileType = sourcecode.c.h; path = extClockType.h; sourceTree = "<group>"; };
/* End PBXFileReference section */

/* Begin PBXFrameworksBuildPhase section */
		D438819A1A916C02004DE878 /* Frameworks */ = {
			isa = PBXFrameworksBuildPhase;
			buildActionMask = 2147483647;
			files = (
			);
			runOnlyForDeploymentPostprocessing = 0;
		};
/* End PBXFrameworksBuildPhase section */

/* Begin PBXGroup section */
		D43881941A916C02004DE878 = {
			isa = PBXGroup;
			children = (
				D438819F1A916C02004DE878 /* cit233_hw4_tony_hendrick_q1 */,
				D438819E1A916C02004DE878 /* Products */,
			);
			sourceTree = "<group>";
		};
		D438819E1A916C02004DE878 /* Products */ = {
			isa = PBXGroup;
			children = (
				D438819D1A916C02004DE878 /* cit233_hw4_tony_hendrick_q1 */,
			);
			name = Products;
			sourceTree = "<group>";
		};
		D438819F1A916C02004DE878 /* cit233_hw4_tony_hendrick_q1 */ = {
			isa = PBXGroup;
			children = (
				D43881A01A916C02004DE878 /* main.cpp */,
				D43881A71A916CEA004DE878 /* clockType.cpp */,
				D43881A81A916CEA004DE878 /* clockType.h */,
				D43881AA1A9175EF004DE878 /* extClockType.cpp */,
				D43881AB1A9175EF004DE878 /* extClockType.h */,
			);
			path = cit233_hw4_tony_hendrick_q1;
			sourceTree = "<group>";
		};
/* End PBXGroup section */

/* Begin PBXNativeTarget section */
		D438819C1A916C02004DE878 /* cit233_hw4_tony_hendrick_q1 */ = {
			isa = PBXNativeTarget;
			buildConfigurationList = D43881A41A916C02004DE878 /* Build configuration list for PBXNativeTarget "cit233_hw4_tony_hendrick_q1" */;
			buildPhases = (
				D43881991A916C02004DE878 /* Sources */,
				D438819A1A916C02004DE878 /* Frameworks */,
				D438819B1A916C02004DE878 /* CopyFiles */,
			);
			buildRules = (
			);
			dependencies = (
			);
			name = cit233_hw4_tony_hendrick_q1;
			productName = cit233_hw4_tony_hendrick_q1;
			productReference = D438819D1A916C02004DE878 /* cit233_hw4_tony_hendrick_q1 */;
			productType = "com.apple.product-type.tool";
		};
/* End PBXNativeTarget section */

/* Begin PBXProject section */
		D43881951A916C02004DE878 /* Project object */ = {
			isa = PBXProject;
			attributes = {
				LastUpgradeCheck = 0610;
				ORGANIZATIONNAME = "Tony Hendrick";
				TargetAttributes = {
					D438819C1A916C02004DE878 = {
						CreatedOnToolsVersion = 6.1.1;
					};
				};
			};
			buildConfigurationList = D43881981A916C02004DE878 /* Build configuration list for PBXProject "cit233_hw4_tony_hendrick_q1" */;
			compatibilityVersion = "Xcode 3.2";
			developmentRegion = English;
			hasScannedForEncodings = 0;
			knownRegions = (
				en,
			);
			mainGroup = D43881941A916C02004DE878;
			productRefGroup = D438819E1A916C02004DE878 /* Products */;
			projectDirPath = "";
			projectRoot = "";
			targets = (
				D438819C1A916C02004DE878 /* cit233_hw4_tony_hendrick_q1 */,
			);
		};
/* End PBXProject section */

/* Begin PBXSourcesBuildPhase section */
		D43881991A916C02004DE878 /* Sources */ = {
			isa = PBXSourcesBuildPhase;
			buildActionMask = 2147483647;
			files = (
				D43881AC1A9175EF004DE878 /* extClockType.cpp in Sources */,
				D43881A91A916CEA004DE878 /* clockType.cpp in Sources */,
				D43881A11A916C02004DE878 /* main.cpp in Sources */,
			);
			runOnlyForDeploymentPostprocessing = 0;
		};
/* End PBXSourcesBuildPhase section */

/* Begin XCBuildConfiguration section */
		D43881A21A916C02004DE878 /* Debug */ = {
			isa = XCBuildConfiguration;
			buildSettings = {
				ALWAYS_SEARCH_USER_PATHS = NO;
				CLANG_CXX_LANGUAGE_STANDARD = "gnu++0x";
				CLANG_CXX_LIBRARY = "libc++";
				CLANG_ENABLE_MODULES = YES;
				CLANG_ENABLE_OBJC_ARC = YES;
				CLANG_WARN_BOOL_CONVERSION = YES;
				CLANG_WARN_CONSTANT_CONVERSION = YES;
				CLANG_WARN_DIRECT_OBJC_ISA_USAGE = YES_ERROR;
				CLANG_WARN_EMPTY_BODY = YES;
				CLANG_WARN_ENUM_CONVERSION = YES;
				CLANG_WARN_INT_CONVERSION = YES;
				CLANG_WARN_OBJC_ROOT_CLASS = YES_ERROR;
				CLANG_WARN_UNREACHABLE_CODE = YES;
				CLANG_WARN__DUPLICATE_METHOD_MATCH = YES;
				COPY_PHASE_STRIP = NO;
				ENABLE_STRICT_OBJC_MSGSEND = YES;
				GCC_C_LANGUAGE_STANDARD = gnu99;
				GCC_DYNAMIC_NO_PIC = NO;
				GCC_OPTIMIZATION_LEVEL = 0;
				GCC_PREPROCESSOR_DEFINITIONS = (
					"DEBUG=1",
					"$(inherited)",
				);
				GCC_SYMBOLS_PRIVATE_EXTERN = NO;
				GCC_WARN_64_TO_32_BIT_CONVERSION = YES;
				GCC_WARN_ABOUT_RETURN_TYPE = YES_ERROR;
				GCC_WARN_UNDECLARED_SELECTOR = YES;
				GCC_WARN_UNINITIALIZED_AUTOS = YES_AGGRESSIVE;
				GCC_WARN_UNUSED_FUNCTION = YES;
				GCC_WARN_UNUSED_VARIABLE = YES;
				MACOSX_DEPLOYMENT_TARGET = 10.9;
				MTL_ENABLE_DEBUG_INFO = YES;
				ONLY_ACTIVE_ARCH = YES;
				SDKROOT = macosx;
			};
			name = Debug;
		};
		D43881A31A916C02004DE878 /* Release */ = {
			isa = XCBuildConfiguration;
			buildSettings = {
				ALWAYS_SEARCH_USER_PATHS = NO;
				CLANG_CXX_LANGUAGE_STANDARD = "gnu++0x";
				CLANG_CXX_LIBRARY = "libc++";
				CLANG_ENABLE_MODULES = YES;
				CLANG_ENABLE_OBJC_ARC = YES;
				CLANG_WARN_BOOL_CONVERSION = YES;
				CLANG_WARN_CONSTANT_CONVERSION = YES;
				CLANG_WARN_DIRECT_OBJC_ISA_USAGE = YES_ERROR;
				CLANG_WARN_EMPTY_BODY = YES;
				CLANG_WARN_ENUM_CONVERSION = YES;
				CLANG_WARN_INT_CONVERSION = YES;
				CLANG_WARN_OBJC_ROOT_CLASS = YES_ERROR;
				CLANG_WARN_UNREACHABLE_CODE = YES;
				CLANG_WARN__DUPLICATE_METHOD_MATCH = YES;
				COPY_PHASE_STRIP = YES;
				DEBUG_INFORMATION_FORMAT = "dwarf-with-dsym";
				ENABLE_NS_ASSERTIONS = NO;
				ENABLE_STRICT_OBJC_MSGSEND = YES;
				GCC_C_LANGUAGE_STANDARD = gnu99;
				GCC_WARN_64_TO_32_BIT_CONVERSION = YES;
				GCC_WARN_ABOUT_RETURN_TYPE = YES_ERROR;
				GCC_WARN_UNDECLARED_SELECTOR = YES;
				GCC_WARN_UNINITIALIZED_AUTOS = YES_AGGRESSIVE;
				GCC_WARN_UNUSED_FUNCTION = YES;
				GCC_WARN_UNUSED_VARIABLE = YES;
				MACOSX_DEPLOYMENT_TARGET = 10.9;
				MTL_ENABLE_DEBUG_INFO = NO;
				SDKROOT = macosx;
			};
			name = Release;
		};
		D43881A51A916C02004DE878 /* Debug */ = {
			isa = XCBuildConfiguration;
			buildSettings = {
				PRODUCT_NAME = "$(TARGET_NAME)";
			};
			name = Debug;
		};
		D43881A61A916C02004DE878 /* Release */ = {
			isa = XCBuildConfiguration;
			buildSettings = {
				PRODUCT_NAME = "$(TARGET_NAME)";
			};
			name = Release;
		};
/* End XCBuildConfiguration section */

/* Begin XCConfigurationList section */
		D43881981A916C02004DE878 /* Build configuration list for PBXProject "cit233_hw4_tony_hendrick_q1" */ = {
			isa = XCConfigurationList;
			buildConfigurations = (
				D43881A21A916C02004DE878 /* Debug */,
				D43881A31A916C02004DE878 /* Release */,
			);
			defaultConfigurationIsVisible = 0;
			defaultConfigurationName = Release;
		};
		D43881A41A916C02004DE878 /* Build configuration list for PBXNativeTarget "cit233_hw4_tony_hendrick_q1" */ = {
			isa = XCConfigurationList;
			buildConfigurations = (
				D43881A51A916C02004DE878 /* Debug */,
				D43881A61A916C02004DE878 /* Release */,
			);
			defaultConfigurationIsVisible = 0;
		};
/* End XCConfigurationList section */
	};
	rootObject = D43881951A916C02004DE878 /* Project object */;
}
